
Microsoft Visual Studio Solution File, Format Version 12.00
# Visual Studio Version 17
VisualStudioVersion = 17.9.34607.119
MinimumVisualStudioVersion = 10.0.40219.1
Project("{9A19103F-16F7-4668-BE54-9A1E7A4F7556}") = "RabbitMQ.Publisher", "RabbitMQ.Publisher\RabbitMQ.Publisher.csproj", "{A9FED065-C5A0-4BD9-B2E2-A58593898F3E}"
EndProject
Project("{9A19103F-16F7-4668-BE54-9A1E7A4F7556}") = "RabbitMQ.Consumer", "RabbitMQ.Consumer\RabbitMQ.Consumer.csproj", "{E3EE7F2A-19EB-4932-90C7-34B586C328F2}"
EndProject
Project("{2150E333-8FDC-42A3-9474-1A3956D46DE8}") = "Fanout", "Fanout", "{3A40C371-7CCC-4501-8D7C-A8E2C199B295}"
EndProject
Project("{FAE04EC0-301F-11D3-BF4B-00C04F79EFBC}") = "Fanout.RabbitMQ.Publisher", "Fanout.RabbitMQ.Publisher\Fanout.RabbitMQ.Publisher.csproj", "{0F45919F-5E2D-43C1-85F7-8E9C52DE6A2D}"
EndProject
Project("{FAE04EC0-301F-11D3-BF4B-00C04F79EFBC}") = "Fanout.RabbitMQ.Consumer", "Fanout.RabbitMQ.Consumer\Fanout.RabbitMQ.Consumer.csproj", "{D9FDF174-9867-4885-86B7-590892E4FC9E}"
EndProject
Project("{2150E333-8FDC-42A3-9474-1A3956D46DE8}") = "Direct", "Direct", "{CBBAF64F-4E3D-4C77-9A13-AEC810464C39}"
EndProject
Project("{FAE04EC0-301F-11D3-BF4B-00C04F79EFBC}") = "Direct.RabbitMQ.Consumer", "Direct.RabbitMQ.Consumer\Direct.RabbitMQ.Consumer.csproj", "{4C57B3ED-249A-4618-9DA8-2F28E23EB592}"
EndProject
Project("{FAE04EC0-301F-11D3-BF4B-00C04F79EFBC}") = "Direct.RabbitMQ.Publisher", "Direct.RabbitMQ.Publisher\Direct.RabbitMQ.Publisher.csproj", "{34C76FC8-07E3-4699-9EAB-32D317F027E6}"
EndProject
Project("{FAE04EC0-301F-11D3-BF4B-00C04F79EFBC}") = "Direct.RabbitMQ.Consumer2", "Direct.RabbitMQ.Consumer2\Direct.RabbitMQ.Consumer2.csproj", "{06059C82-0A76-4784-BBE7-5F439F3E0578}"
EndProject
Project("{2150E333-8FDC-42A3-9474-1A3956D46DE8}") = "Topic", "Topic", "{E0FD5C7F-4DFC-43D4-B756-CCFEBC373264}"
EndProject
Project("{FAE04EC0-301F-11D3-BF4B-00C04F79EFBC}") = "RabbitMQ.Topic.Publisher", "RabbitMQ.Topic.Publisher\RabbitMQ.Topic.Publisher.csproj", "{C83D26B9-63A8-4CC1-A719-08591D3E07F6}"
EndProject
Project("{FAE04EC0-301F-11D3-BF4B-00C04F79EFBC}") = "RabbitMQ.Topic.Consumer", "RabbitMQ.Topic.Consumer\RabbitMQ.Topic.Consumer.csproj", "{B6938469-9006-4BFD-BB3B-D1A40928A95D}"
EndProject
Project("{2150E333-8FDC-42A3-9474-1A3956D46DE8}") = "Header", "Header", "{75EC0494-954C-4AEB-9C25-CF0D59502C38}"
EndProject
Project("{FAE04EC0-301F-11D3-BF4B-00C04F79EFBC}") = "RabbitMQ.Header.Publisher", "RabbitMQ.Header.Publisher\RabbitMQ.Header.Publisher.csproj", "{29864657-CA27-4091-A445-41BA2A756EC2}"
EndProject
Project("{FAE04EC0-301F-11D3-BF4B-00C04F79EFBC}") = "RabbitMQ.Header.Consumer", "RabbitMQ.Header.Consumer\RabbitMQ.Header.Consumer.csproj", "{77E82941-D68E-400D-A1F0-A1C613B0AFD7}"
EndProject
Project("{2150E333-8FDC-42A3-9474-1A3956D46DE8}") = "P2P", "P2P", "{C35A1ECA-06AA-43EC-850B-956A5C983AC1}"
EndProject
Project("{FAE04EC0-301F-11D3-BF4B-00C04F79EFBC}") = "RabbitMQ.P2P.Publisher", "RabbitMQ.P2P.Publisher\RabbitMQ.P2P.Publisher.csproj", "{C8358478-CA84-4F84-93BC-C39880BCF084}"
EndProject
Project("{FAE04EC0-301F-11D3-BF4B-00C04F79EFBC}") = "RabbitMQ.P2P.Consumer", "RabbitMQ.P2P.Consumer\RabbitMQ.P2P.Consumer.csproj", "{0754A2BE-AC20-407E-99A3-3C2748D87BE1}"
EndProject
Project("{2150E333-8FDC-42A3-9474-1A3956D46DE8}") = "PubSub", "PubSub", "{DED6C3C7-060A-4A05-B8C0-E1438155BF2A}"
EndProject
Project("{FAE04EC0-301F-11D3-BF4B-00C04F79EFBC}") = "RabbitMQ.PubSub.Publisher", "RabbitMQ.PubSub.Publisher\RabbitMQ.PubSub.Publisher.csproj", "{69EB1192-EBCE-4DD3-A9BB-21BCFD999919}"
EndProject
Project("{FAE04EC0-301F-11D3-BF4B-00C04F79EFBC}") = "RabbitMQ.PubSub.Consumer", "RabbitMQ.PubSub.Consumer\RabbitMQ.PubSub.Consumer.csproj", "{D5D1F9AB-07AC-4923-9302-02A065DF5753}"
EndProject
Project("{2150E333-8FDC-42A3-9474-1A3956D46DE8}") = "Work", "Work", "{4970883E-3867-4B7F-B4F0-DCEFE47A2BA9}"
EndProject
Project("{FAE04EC0-301F-11D3-BF4B-00C04F79EFBC}") = "RabbitMQ.Work.Publisher", "RabbitMQ.Work.Publisher\RabbitMQ.Work.Publisher.csproj", "{AF93A3DB-E3DC-4C4B-A3C2-20CCE590A09F}"
EndProject
Project("{FAE04EC0-301F-11D3-BF4B-00C04F79EFBC}") = "RabbitMQ.Work.Consumer", "RabbitMQ.Work.Consumer\RabbitMQ.Work.Consumer.csproj", "{F5C2F3D2-335A-43E9-83BA-4C3BE0A77D38}"
EndProject
Project("{2150E333-8FDC-42A3-9474-1A3956D46DE8}") = "RequestResponse", "RequestResponse", "{7808BF59-1128-41D2-A8EC-A0C3DEDB3FBB}"
EndProject
Project("{FAE04EC0-301F-11D3-BF4B-00C04F79EFBC}") = "RabbitMQ.RequestResponse.Consumer", "RabbitMQ.RequestResponse.Consumer\RabbitMQ.RequestResponse.Consumer.csproj", "{11BC65FA-DDDF-4F34-941E-AB66F3915771}"
EndProject
Project("{FAE04EC0-301F-11D3-BF4B-00C04F79EFBC}") = "RabbitMQ.RequestResponse.Publisher", "RabbitMQ.RequestResponse.Publisher\RabbitMQ.RequestResponse.Publisher.csproj", "{2A7F88C2-A3B8-43AD-8DAD-E657B0B7F9D7}"
EndProject
Global
	GlobalSection(SolutionConfigurationPlatforms) = preSolution
		Debug|Any CPU = Debug|Any CPU
		Release|Any CPU = Release|Any CPU
	EndGlobalSection
	GlobalSection(ProjectConfigurationPlatforms) = postSolution
		{A9FED065-C5A0-4BD9-B2E2-A58593898F3E}.Debug|Any CPU.ActiveCfg = Debug|Any CPU
		{A9FED065-C5A0-4BD9-B2E2-A58593898F3E}.Debug|Any CPU.Build.0 = Debug|Any CPU
		{A9FED065-C5A0-4BD9-B2E2-A58593898F3E}.Release|Any CPU.ActiveCfg = Release|Any CPU
		{A9FED065-C5A0-4BD9-B2E2-A58593898F3E}.Release|Any CPU.Build.0 = Release|Any CPU
		{E3EE7F2A-19EB-4932-90C7-34B586C328F2}.Debug|Any CPU.ActiveCfg = Debug|Any CPU
		{E3EE7F2A-19EB-4932-90C7-34B586C328F2}.Debug|Any CPU.Build.0 = Debug|Any CPU
		{E3EE7F2A-19EB-4932-90C7-34B586C328F2}.Release|Any CPU.ActiveCfg = Release|Any CPU
		{E3EE7F2A-19EB-4932-90C7-34B586C328F2}.Release|Any CPU.Build.0 = Release|Any CPU
		{0F45919F-5E2D-43C1-85F7-8E9C52DE6A2D}.Debug|Any CPU.ActiveCfg = Debug|Any CPU
		{0F45919F-5E2D-43C1-85F7-8E9C52DE6A2D}.Debug|Any CPU.Build.0 = Debug|Any CPU
		{0F45919F-5E2D-43C1-85F7-8E9C52DE6A2D}.Release|Any CPU.ActiveCfg = Release|Any CPU
		{0F45919F-5E2D-43C1-85F7-8E9C52DE6A2D}.Release|Any CPU.Build.0 = Release|Any CPU
		{D9FDF174-9867-4885-86B7-590892E4FC9E}.Debug|Any CPU.ActiveCfg = Debug|Any CPU
		{D9FDF174-9867-4885-86B7-590892E4FC9E}.Debug|Any CPU.Build.0 = Debug|Any CPU
		{D9FDF174-9867-4885-86B7-590892E4FC9E}.Release|Any CPU.ActiveCfg = Release|Any CPU
		{D9FDF174-9867-4885-86B7-590892E4FC9E}.Release|Any CPU.Build.0 = Release|Any CPU
		{4C57B3ED-249A-4618-9DA8-2F28E23EB592}.Debug|Any CPU.ActiveCfg = Debug|Any CPU
		{4C57B3ED-249A-4618-9DA8-2F28E23EB592}.Debug|Any CPU.Build.0 = Debug|Any CPU
		{4C57B3ED-249A-4618-9DA8-2F28E23EB592}.Release|Any CPU.ActiveCfg = Release|Any CPU
		{4C57B3ED-249A-4618-9DA8-2F28E23EB592}.Release|Any CPU.Build.0 = Release|Any CPU
		{34C76FC8-07E3-4699-9EAB-32D317F027E6}.Debug|Any CPU.ActiveCfg = Debug|Any CPU
		{34C76FC8-07E3-4699-9EAB-32D317F027E6}.Debug|Any CPU.Build.0 = Debug|Any CPU
		{34C76FC8-07E3-4699-9EAB-32D317F027E6}.Release|Any CPU.ActiveCfg = Release|Any CPU
		{34C76FC8-07E3-4699-9EAB-32D317F027E6}.Release|Any CPU.Build.0 = Release|Any CPU
		{06059C82-0A76-4784-BBE7-5F439F3E0578}.Debug|Any CPU.ActiveCfg = Debug|Any CPU
		{06059C82-0A76-4784-BBE7-5F439F3E0578}.Debug|Any CPU.Build.0 = Debug|Any CPU
		{06059C82-0A76-4784-BBE7-5F439F3E0578}.Release|Any CPU.ActiveCfg = Release|Any CPU
		{06059C82-0A76-4784-BBE7-5F439F3E0578}.Release|Any CPU.Build.0 = Release|Any CPU
		{C83D26B9-63A8-4CC1-A719-08591D3E07F6}.Debug|Any CPU.ActiveCfg = Debug|Any CPU
		{C83D26B9-63A8-4CC1-A719-08591D3E07F6}.Debug|Any CPU.Build.0 = Debug|Any CPU
		{C83D26B9-63A8-4CC1-A719-08591D3E07F6}.Release|Any CPU.ActiveCfg = Release|Any CPU
		{C83D26B9-63A8-4CC1-A719-08591D3E07F6}.Release|Any CPU.Build.0 = Release|Any CPU
		{B6938469-9006-4BFD-BB3B-D1A40928A95D}.Debug|Any CPU.ActiveCfg = Debug|Any CPU
		{B6938469-9006-4BFD-BB3B-D1A40928A95D}.Debug|Any CPU.Build.0 = Debug|Any CPU
		{B6938469-9006-4BFD-BB3B-D1A40928A95D}.Release|Any CPU.ActiveCfg = Release|Any CPU
		{B6938469-9006-4BFD-BB3B-D1A40928A95D}.Release|Any CPU.Build.0 = Release|Any CPU
		{29864657-CA27-4091-A445-41BA2A756EC2}.Debug|Any CPU.ActiveCfg = Debug|Any CPU
		{29864657-CA27-4091-A445-41BA2A756EC2}.Debug|Any CPU.Build.0 = Debug|Any CPU
		{29864657-CA27-4091-A445-41BA2A756EC2}.Release|Any CPU.ActiveCfg = Release|Any CPU
		{29864657-CA27-4091-A445-41BA2A756EC2}.Release|Any CPU.Build.0 = Release|Any CPU
		{77E82941-D68E-400D-A1F0-A1C613B0AFD7}.Debug|Any CPU.ActiveCfg = Debug|Any CPU
		{77E82941-D68E-400D-A1F0-A1C613B0AFD7}.Debug|Any CPU.Build.0 = Debug|Any CPU
		{77E82941-D68E-400D-A1F0-A1C613B0AFD7}.Release|Any CPU.ActiveCfg = Release|Any CPU
		{77E82941-D68E-400D-A1F0-A1C613B0AFD7}.Release|Any CPU.Build.0 = Release|Any CPU
		{C8358478-CA84-4F84-93BC-C39880BCF084}.Debug|Any CPU.ActiveCfg = Debug|Any CPU
		{C8358478-CA84-4F84-93BC-C39880BCF084}.Debug|Any CPU.Build.0 = Debug|Any CPU
		{C8358478-CA84-4F84-93BC-C39880BCF084}.Release|Any CPU.ActiveCfg = Release|Any CPU
		{C8358478-CA84-4F84-93BC-C39880BCF084}.Release|Any CPU.Build.0 = Release|Any CPU
		{0754A2BE-AC20-407E-99A3-3C2748D87BE1}.Debug|Any CPU.ActiveCfg = Debug|Any CPU
		{0754A2BE-AC20-407E-99A3-3C2748D87BE1}.Debug|Any CPU.Build.0 = Debug|Any CPU
		{0754A2BE-AC20-407E-99A3-3C2748D87BE1}.Release|Any CPU.ActiveCfg = Release|Any CPU
		{0754A2BE-AC20-407E-99A3-3C2748D87BE1}.Release|Any CPU.Build.0 = Release|Any CPU
		{69EB1192-EBCE-4DD3-A9BB-21BCFD999919}.Debug|Any CPU.ActiveCfg = Debug|Any CPU
		{69EB1192-EBCE-4DD3-A9BB-21BCFD999919}.Debug|Any CPU.Build.0 = Debug|Any CPU
		{69EB1192-EBCE-4DD3-A9BB-21BCFD999919}.Release|Any CPU.ActiveCfg = Release|Any CPU
		{69EB1192-EBCE-4DD3-A9BB-21BCFD999919}.Release|Any CPU.Build.0 = Release|Any CPU
		{D5D1F9AB-07AC-4923-9302-02A065DF5753}.Debug|Any CPU.ActiveCfg = Debug|Any CPU
		{D5D1F9AB-07AC-4923-9302-02A065DF5753}.Debug|Any CPU.Build.0 = Debug|Any CPU
		{D5D1F9AB-07AC-4923-9302-02A065DF5753}.Release|Any CPU.ActiveCfg = Release|Any CPU
		{D5D1F9AB-07AC-4923-9302-02A065DF5753}.Release|Any CPU.Build.0 = Release|Any CPU
		{AF93A3DB-E3DC-4C4B-A3C2-20CCE590A09F}.Debug|Any CPU.ActiveCfg = Debug|Any CPU
		{AF93A3DB-E3DC-4C4B-A3C2-20CCE590A09F}.Debug|Any CPU.Build.0 = Debug|Any CPU
		{AF93A3DB-E3DC-4C4B-A3C2-20CCE590A09F}.Release|Any CPU.ActiveCfg = Release|Any CPU
		{AF93A3DB-E3DC-4C4B-A3C2-20CCE590A09F}.Release|Any CPU.Build.0 = Release|Any CPU
		{F5C2F3D2-335A-43E9-83BA-4C3BE0A77D38}.Debug|Any CPU.ActiveCfg = Debug|Any CPU
		{F5C2F3D2-335A-43E9-83BA-4C3BE0A77D38}.Debug|Any CPU.Build.0 = Debug|Any CPU
		{F5C2F3D2-335A-43E9-83BA-4C3BE0A77D38}.Release|Any CPU.ActiveCfg = Release|Any CPU
		{F5C2F3D2-335A-43E9-83BA-4C3BE0A77D38}.Release|Any CPU.Build.0 = Release|Any CPU
		{11BC65FA-DDDF-4F34-941E-AB66F3915771}.Debug|Any CPU.ActiveCfg = Debug|Any CPU
		{11BC65FA-DDDF-4F34-941E-AB66F3915771}.Debug|Any CPU.Build.0 = Debug|Any CPU
		{11BC65FA-DDDF-4F34-941E-AB66F3915771}.Release|Any CPU.ActiveCfg = Release|Any CPU
		{11BC65FA-DDDF-4F34-941E-AB66F3915771}.Release|Any CPU.Build.0 = Release|Any CPU
		{2A7F88C2-A3B8-43AD-8DAD-E657B0B7F9D7}.Debug|Any CPU.ActiveCfg = Debug|Any CPU
		{2A7F88C2-A3B8-43AD-8DAD-E657B0B7F9D7}.Debug|Any CPU.Build.0 = Debug|Any CPU
		{2A7F88C2-A3B8-43AD-8DAD-E657B0B7F9D7}.Release|Any CPU.ActiveCfg = Release|Any CPU
		{2A7F88C2-A3B8-43AD-8DAD-E657B0B7F9D7}.Release|Any CPU.Build.0 = Release|Any CPU
	EndGlobalSection
	GlobalSection(SolutionProperties) = preSolution
		HideSolutionNode = FALSE
	EndGlobalSection
	GlobalSection(NestedProjects) = preSolution
		{0F45919F-5E2D-43C1-85F7-8E9C52DE6A2D} = {3A40C371-7CCC-4501-8D7C-A8E2C199B295}
		{D9FDF174-9867-4885-86B7-590892E4FC9E} = {3A40C371-7CCC-4501-8D7C-A8E2C199B295}
		{4C57B3ED-249A-4618-9DA8-2F28E23EB592} = {CBBAF64F-4E3D-4C77-9A13-AEC810464C39}
		{34C76FC8-07E3-4699-9EAB-32D317F027E6} = {CBBAF64F-4E3D-4C77-9A13-AEC810464C39}
		{06059C82-0A76-4784-BBE7-5F439F3E0578} = {CBBAF64F-4E3D-4C77-9A13-AEC810464C39}
		{C83D26B9-63A8-4CC1-A719-08591D3E07F6} = {E0FD5C7F-4DFC-43D4-B756-CCFEBC373264}
		{B6938469-9006-4BFD-BB3B-D1A40928A95D} = {E0FD5C7F-4DFC-43D4-B756-CCFEBC373264}
		{29864657-CA27-4091-A445-41BA2A756EC2} = {75EC0494-954C-4AEB-9C25-CF0D59502C38}
		{77E82941-D68E-400D-A1F0-A1C613B0AFD7} = {75EC0494-954C-4AEB-9C25-CF0D59502C38}
		{C8358478-CA84-4F84-93BC-C39880BCF084} = {C35A1ECA-06AA-43EC-850B-956A5C983AC1}
		{0754A2BE-AC20-407E-99A3-3C2748D87BE1} = {C35A1ECA-06AA-43EC-850B-956A5C983AC1}
		{69EB1192-EBCE-4DD3-A9BB-21BCFD999919} = {DED6C3C7-060A-4A05-B8C0-E1438155BF2A}
		{D5D1F9AB-07AC-4923-9302-02A065DF5753} = {DED6C3C7-060A-4A05-B8C0-E1438155BF2A}
		{AF93A3DB-E3DC-4C4B-A3C2-20CCE590A09F} = {4970883E-3867-4B7F-B4F0-DCEFE47A2BA9}
		{F5C2F3D2-335A-43E9-83BA-4C3BE0A77D38} = {4970883E-3867-4B7F-B4F0-DCEFE47A2BA9}
		{11BC65FA-DDDF-4F34-941E-AB66F3915771} = {7808BF59-1128-41D2-A8EC-A0C3DEDB3FBB}
		{2A7F88C2-A3B8-43AD-8DAD-E657B0B7F9D7} = {7808BF59-1128-41D2-A8EC-A0C3DEDB3FBB}
	EndGlobalSection
	GlobalSection(ExtensibilityGlobals) = postSolution
		SolutionGuid = {BA52465D-3660-4C0A-B9E2-E66CEDDFD4A7}
	EndGlobalSection
EndGlobal
