
Microsoft Visual Studio Solution File, Format Version 12.00
# Visual Studio Version 17
VisualStudioVersion = 17.9.34607.119
MinimumVisualStudioVersion = 10.0.40219.1
Project("{FAE04EC0-301F-11D3-BF4B-00C04F79EFBC}") = "RabbitMQ.Publisher", "RabbitMQ.Publisher\RabbitMQ.Publisher.csproj", "{A9FED065-C5A0-4BD9-B2E2-A58593898F3E}"
EndProject
Project("{FAE04EC0-301F-11D3-BF4B-00C04F79EFBC}") = "RabbitMQ.Consumer", "RabbitMQ.Consumer\RabbitMQ.Consumer.csproj", "{E3EE7F2A-19EB-4932-90C7-34B586C328F2}"
EndProject
Global
	GlobalSection(SolutionConfigurationPlatforms) = preSolution
		Debug|Any CPU = Debug|Any CPU
		Release|Any CPU = Release|Any CPU
	EndGlobalSection
	GlobalSection(ProjectConfigurationPlatforms) = postSolution
		{A9FED065-C5A0-4BD9-B2E2-A58593898F3E}.Debug|Any CPU.ActiveCfg = Debug|Any CPU
		{A9FED065-C5A0-4BD9-B2E2-A58593898F3E}.Debug|Any CPU.Build.0 = Debug|Any CPU
		{A9FED065-C5A0-4BD9-B2E2-A58593898F3E}.Release|Any CPU.ActiveCfg = Release|Any CPU
		{A9FED065-C5A0-4BD9-B2E2-A58593898F3E}.Release|Any CPU.Build.0 = Release|Any CPU
		{E3EE7F2A-19EB-4932-90C7-34B586C328F2}.Debug|Any CPU.ActiveCfg = Debug|Any CPU
		{E3EE7F2A-19EB-4932-90C7-34B586C328F2}.Debug|Any CPU.Build.0 = Debug|Any CPU
		{E3EE7F2A-19EB-4932-90C7-34B586C328F2}.Release|Any CPU.ActiveCfg = Release|Any CPU
		{E3EE7F2A-19EB-4932-90C7-34B586C328F2}.Release|Any CPU.Build.0 = Release|Any CPU
	EndGlobalSection
	GlobalSection(SolutionProperties) = preSolution
		HideSolutionNode = FALSE
	EndGlobalSection
	GlobalSection(ExtensibilityGlobals) = postSolution
		SolutionGuid = {BA52465D-3660-4C0A-B9E2-E66CEDDFD4A7}
	EndGlobalSection
EndGlobal
